
Microsoft Visual Studio Solution File, Format Version 12.00
# Visual Studio Version 16
VisualStudioVersion = 16.0.29728.190
MinimumVisualStudioVersion = 10.0.40219.1
Project("{FAE04EC0-301F-11D3-BF4B-00C04F79EFBC}") = "WokLearner.WebApp", "WokLearner.WebApp\WokLearner.WebApp.csproj", "{29986B9A-1526-459E-BA8B-404FFD049E80}"
EndProject
Global
	GlobalSection(SolutionConfigurationPlatforms) = preSolution
		Debug|Any CPU = Debug|Any CPU
		Release|Any CPU = Release|Any CPU
	EndGlobalSection
	GlobalSection(ProjectConfigurationPlatforms) = postSolution
		{29986B9A-1526-459E-BA8B-404FFD049E80}.Debug|Any CPU.ActiveCfg = Debug|Any CPU
		{29986B9A-1526-459E-BA8B-404FFD049E80}.Debug|Any CPU.Build.0 = Debug|Any CPU
		{29986B9A-1526-459E-BA8B-404FFD049E80}.Release|Any CPU.ActiveCfg = Debug|Any CPU
		{29986B9A-1526-459E-BA8B-404FFD049E80}.Release|Any CPU.Build.0 = Debug|Any CPU
	EndGlobalSection
	GlobalSection(SolutionProperties) = preSolution
		HideSolutionNode = FALSE
	EndGlobalSection
	GlobalSection(ExtensibilityGlobals) = postSolution
		SolutionGuid = {F2ED1B23-36DE-4C30-8563-3986D1654B35}
	EndGlobalSection
EndGlobal
